// !$*UTF8*$!
{
	archiveVersion = 1;
	classes = {
	};
	objectVersion = 50;
	objects = {

/* Begin PBXBuildFile section */
		B5A7C24821AA739E006F7092 /* GoalType.swift in Sources */ = {isa = PBXBuildFile; fileRef = B5A7C24721AA739E006F7092 /* GoalType.swift */; };
		B5A7C24A21AA7BA2006F7092 /* CreateGoalVC.swift in Sources */ = {isa = PBXBuildFile; fileRef = B5A7C24921AA7BA2006F7092 /* CreateGoalVC.swift */; };
		B5A7C24E21AA7C66006F7092 /* UIViewExtension.swift in Sources */ = {isa = PBXBuildFile; fileRef = B5A7C24D21AA7C66006F7092 /* UIViewExtension.swift */; };
		B5A7C25021AA7DB9006F7092 /* UIViewControllerExt.swift in Sources */ = {isa = PBXBuildFile; fileRef = B5A7C24F21AA7DB9006F7092 /* UIViewControllerExt.swift */; };
		B5A7C25221AA7F66006F7092 /* UIButtonExt.swift in Sources */ = {isa = PBXBuildFile; fileRef = B5A7C25121AA7F66006F7092 /* UIButtonExt.swift */; };
		B5B5AA2F21AABDB500C9DA8D /* FinishGoalVC.swift in Sources */ = {isa = PBXBuildFile; fileRef = B5B5AA2E21AABDB500C9DA8D /* FinishGoalVC.swift */; };
		B5B5AA3121AAC65C00C9DA8D /* Handy.swift in Sources */ = {isa = PBXBuildFile; fileRef = B5B5AA3021AAC65B00C9DA8D /* Handy.swift */; };
		B5BC041F21A99B38002B2994 /* GoalCell.swift in Sources */ = {isa = PBXBuildFile; fileRef = B5BC041E21A99B38002B2994 /* GoalCell.swift */; };
		B5CA219921A98636002988F1 /* AppDelegate.swift in Sources */ = {isa = PBXBuildFile; fileRef = B5CA219821A98636002988F1 /* AppDelegate.swift */; };
		B5CA219E21A98636002988F1 /* Main.storyboard in Resources */ = {isa = PBXBuildFile; fileRef = B5CA219C21A98636002988F1 /* Main.storyboard */; };
		B5CA21A121A98636002988F1 /* LiterallyGoals.xcdatamodeld in Sources */ = {isa = PBXBuildFile; fileRef = B5CA219F21A98636002988F1 /* LiterallyGoals.xcdatamodeld */; };
		B5CA21A321A98638002988F1 /* Assets.xcassets in Resources */ = {isa = PBXBuildFile; fileRef = B5CA21A221A98638002988F1 /* Assets.xcassets */; };
		B5CA21A621A98638002988F1 /* LaunchScreen.storyboard in Resources */ = {isa = PBXBuildFile; fileRef = B5CA21A421A98638002988F1 /* LaunchScreen.storyboard */; };
		B5CA21B321A98745002988F1 /* GoalsVC.swift in Sources */ = {isa = PBXBuildFile; fileRef = B5CA21B221A98745002988F1 /* GoalsVC.swift */; };
/* End PBXBuildFile section */

/* Begin PBXFileReference section */
		B5A7C24721AA739E006F7092 /* GoalType.swift */ = {isa = PBXFileReference; lastKnownFileType = sourcecode.swift; path = GoalType.swift; sourceTree = "<group>"; };
		B5A7C24921AA7BA2006F7092 /* CreateGoalVC.swift */ = {isa = PBXFileReference; lastKnownFileType = sourcecode.swift; path = CreateGoalVC.swift; sourceTree = "<group>"; };
		B5A7C24D21AA7C66006F7092 /* UIViewExtension.swift */ = {isa = PBXFileReference; lastKnownFileType = sourcecode.swift; path = UIViewExtension.swift; sourceTree = "<group>"; };
		B5A7C24F21AA7DB9006F7092 /* UIViewControllerExt.swift */ = {isa = PBXFileReference; fileEncoding = 4; lastKnownFileType = sourcecode.swift; path = UIViewControllerExt.swift; sourceTree = "<group>"; };
		B5A7C25121AA7F66006F7092 /* UIButtonExt.swift */ = {isa = PBXFileReference; fileEncoding = 4; lastKnownFileType = sourcecode.swift; path = UIButtonExt.swift; sourceTree = "<group>"; };
		B5B5AA2E21AABDB500C9DA8D /* FinishGoalVC.swift */ = {isa = PBXFileReference; lastKnownFileType = sourcecode.swift; path = FinishGoalVC.swift; sourceTree = "<group>"; };
		B5B5AA3021AAC65B00C9DA8D /* Handy.swift */ = {isa = PBXFileReference; fileEncoding = 4; lastKnownFileType = sourcecode.swift; path = Handy.swift; sourceTree = "<group>"; };
		B5BC041E21A99B38002B2994 /* GoalCell.swift */ = {isa = PBXFileReference; lastKnownFileType = sourcecode.swift; path = GoalCell.swift; sourceTree = "<group>"; };
		B5CA219521A98636002988F1 /* LiterallyGoals.app */ = {isa = PBXFileReference; explicitFileType = wrapper.application; includeInIndex = 0; path = LiterallyGoals.app; sourceTree = BUILT_PRODUCTS_DIR; };
		B5CA219821A98636002988F1 /* AppDelegate.swift */ = {isa = PBXFileReference; lastKnownFileType = sourcecode.swift; path = AppDelegate.swift; sourceTree = "<group>"; };
		B5CA219D21A98636002988F1 /* Base */ = {isa = PBXFileReference; lastKnownFileType = file.storyboard; name = Base; path = Base.lproj/Main.storyboard; sourceTree = "<group>"; };
		B5CA21A021A98636002988F1 /* LiterallyGoals.xcdatamodel */ = {isa = PBXFileReference; lastKnownFileType = wrapper.xcdatamodel; path = LiterallyGoals.xcdatamodel; sourceTree = "<group>"; };
		B5CA21A221A98638002988F1 /* Assets.xcassets */ = {isa = PBXFileReference; lastKnownFileType = folder.assetcatalog; path = Assets.xcassets; sourceTree = "<group>"; };
		B5CA21A521A98638002988F1 /* Base */ = {isa = PBXFileReference; lastKnownFileType = file.storyboard; name = Base; path = Base.lproj/LaunchScreen.storyboard; sourceTree = "<group>"; };
		B5CA21A721A98638002988F1 /* Info.plist */ = {isa = PBXFileReference; lastKnownFileType = text.plist.xml; path = Info.plist; sourceTree = "<group>"; };
		B5CA21B221A98745002988F1 /* GoalsVC.swift */ = {isa = PBXFileReference; lastKnownFileType = sourcecode.swift; path = GoalsVC.swift; sourceTree = "<group>"; };
/* End PBXFileReference section */

/* Begin PBXFrameworksBuildPhase section */
		B5CA219221A98636002988F1 /* Frameworks */ = {
			isa = PBXFrameworksBuildPhase;
			buildActionMask = 2147483647;
			files = (
			);
			runOnlyForDeploymentPostprocessing = 0;
		};
/* End PBXFrameworksBuildPhase section */

/* Begin PBXGroup section */
		B5CA218C21A98636002988F1 = {
			isa = PBXGroup;
			children = (
				B5CA219721A98636002988F1 /* LiterallyGoals */,
				B5CA219621A98636002988F1 /* Products */,
			);
			sourceTree = "<group>";
		};
		B5CA219621A98636002988F1 /* Products */ = {
			isa = PBXGroup;
			children = (
				B5CA219521A98636002988F1 /* LiterallyGoals.app */,
			);
			name = Products;
			sourceTree = "<group>";
		};
		B5CA219721A98636002988F1 /* LiterallyGoals */ = {
			isa = PBXGroup;
			children = (
				B5CA21B121A98703002988F1 /* Extensions */,
				B5CA21B021A986FF002988F1 /* Enums */,
				B5CA21AE21A986C6002988F1 /* View */,
				B5CA21AD21A986C1002988F1 /* Controller */,
				B5CA219821A98636002988F1 /* AppDelegate.swift */,
				B5CA219C21A98636002988F1 /* Main.storyboard */,
				B5CA21A221A98638002988F1 /* Assets.xcassets */,
				B5B5AA3021AAC65B00C9DA8D /* Handy.swift */,
				B5CA21A421A98638002988F1 /* LaunchScreen.storyboard */,
				B5CA21A721A98638002988F1 /* Info.plist */,
				B5CA219F21A98636002988F1 /* LiterallyGoals.xcdatamodeld */,
			);
			path = LiterallyGoals;
			sourceTree = "<group>";
		};
		B5CA21AD21A986C1002988F1 /* Controller */ = {
			isa = PBXGroup;
			children = (
				B5CA21B221A98745002988F1 /* GoalsVC.swift */,
				B5A7C24921AA7BA2006F7092 /* CreateGoalVC.swift */,
				B5B5AA2E21AABDB500C9DA8D /* FinishGoalVC.swift */,
			);
			path = Controller;
			sourceTree = "<group>";
		};
		B5CA21AE21A986C6002988F1 /* View */ = {
			isa = PBXGroup;
			children = (
				B5BC041E21A99B38002B2994 /* GoalCell.swift */,
			);
			path = View;
			sourceTree = "<group>";
		};
		B5CA21B021A986FF002988F1 /* Enums */ = {
			isa = PBXGroup;
			children = (
				B5A7C24721AA739E006F7092 /* GoalType.swift */,
			);
			path = Enums;
			sourceTree = "<group>";
		};
		B5CA21B121A98703002988F1 /* Extensions */ = {
			isa = PBXGroup;
			children = (
				B5A7C24F21AA7DB9006F7092 /* UIViewControllerExt.swift */,
				B5A7C25121AA7F66006F7092 /* UIButtonExt.swift */,
				B5A7C24D21AA7C66006F7092 /* UIViewExtension.swift */,
			);
			path = Extensions;
			sourceTree = "<group>";
		};
/* End PBXGroup section */

/* Begin PBXNativeTarget section */
		B5CA219421A98636002988F1 /* LiterallyGoals */ = {
			isa = PBXNativeTarget;
			buildConfigurationList = B5CA21AA21A98638002988F1 /* Build configuration list for PBXNativeTarget "LiterallyGoals" */;
			buildPhases = (
				B5CA219121A98636002988F1 /* Sources */,
				B5CA219221A98636002988F1 /* Frameworks */,
				B5CA219321A98636002988F1 /* Resources */,
			);
			buildRules = (
			);
			dependencies = (
			);
			name = LiterallyGoals;
			productName = LiterallyGoals;
			productReference = B5CA219521A98636002988F1 /* LiterallyGoals.app */;
			productType = "com.apple.product-type.application";
		};
/* End PBXNativeTarget section */

/* Begin PBXProject section */
		B5CA218D21A98636002988F1 /* Project object */ = {
			isa = PBXProject;
			attributes = {
				LastSwiftUpdateCheck = 1010;
				LastUpgradeCheck = 1010;
				ORGANIZATIONNAME = "Sean Saoirse";
				TargetAttributes = {
					B5CA219421A98636002988F1 = {
						CreatedOnToolsVersion = 10.1;
					};
				};
			};
			buildConfigurationList = B5CA219021A98636002988F1 /* Build configuration list for PBXProject "LiterallyGoals" */;
			compatibilityVersion = "Xcode 9.3";
			developmentRegion = en;
			hasScannedForEncodings = 0;
			knownRegions = (
				en,
				Base,
			);
			mainGroup = B5CA218C21A98636002988F1;
			productRefGroup = B5CA219621A98636002988F1 /* Products */;
			projectDirPath = "";
			projectRoot = "";
			targets = (
				B5CA219421A98636002988F1 /* LiterallyGoals */,
			);
		};
/* End PBXProject section */

/* Begin PBXResourcesBuildPhase section */
		B5CA219321A98636002988F1 /* Resources */ = {
			isa = PBXResourcesBuildPhase;
			buildActionMask = 2147483647;
			files = (
				B5CA21A621A98638002988F1 /* LaunchScreen.storyboard in Resources */,
				B5CA21A321A98638002988F1 /* Assets.xcassets in Resources */,
				B5CA219E21A98636002988F1 /* Main.storyboard in Resources */,
			);
			runOnlyForDeploymentPostprocessing = 0;
		};
/* End PBXResourcesBuildPhase section */

/* Begin PBXSourcesBuildPhase section */
		B5CA219121A98636002988F1 /* Sources */ = {
			isa = PBXSourcesBuildPhase;
			buildActionMask = 2147483647;
			files = (
				B5BC041F21A99B38002B2994 /* GoalCell.swift in Sources */,
				B5A7C24A21AA7BA2006F7092 /* CreateGoalVC.swift in Sources */,
				B5A7C25021AA7DB9006F7092 /* UIViewControllerExt.swift in Sources */,
				B5A7C24821AA739E006F7092 /* GoalType.swift in Sources */,
				B5CA21B321A98745002988F1 /* GoalsVC.swift in Sources */,
				B5A7C24E21AA7C66006F7092 /* UIViewExtension.swift in Sources */,
				B5CA219921A98636002988F1 /* AppDelegate.swift in Sources */,
				B5A7C25221AA7F66006F7092 /* UIButtonExt.swift in Sources */,
				B5B5AA2F21AABDB500C9DA8D /* FinishGoalVC.swift in Sources */,
				B5B5AA3121AAC65C00C9DA8D /* Handy.swift in Sources */,
				B5CA21A121A98636002988F1 /* LiterallyGoals.xcdatamodeld in Sources */,
			);
			runOnlyForDeploymentPostprocessing = 0;
		};
/* End PBXSourcesBuildPhase section */

/* Begin PBXVariantGroup section */
		B5CA219C21A98636002988F1 /* Main.storyboard */ = {
			isa = PBXVariantGroup;
			children = (
				B5CA219D21A98636002988F1 /* Base */,
			);
			name = Main.storyboard;
			sourceTree = "<group>";
		};
		B5CA21A421A98638002988F1 /* LaunchScreen.storyboard */ = {
			isa = PBXVariantGroup;
			children = (
				B5CA21A521A98638002988F1 /* Base */,
			);
			name = LaunchScreen.storyboard;
			sourceTree = "<group>";
		};
/* End PBXVariantGroup section */

/* Begin XCBuildConfiguration section */
		B5CA21A821A98638002988F1 /* Debug */ = {
			isa = XCBuildConfiguration;
			buildSettings = {
				ALWAYS_SEARCH_USER_PATHS = NO;
				CLANG_ANALYZER_NONNULL = YES;
				CLANG_ANALYZER_NUMBER_OBJECT_CONVERSION = YES_AGGRESSIVE;
				CLANG_CXX_LANGUAGE_STANDARD = "gnu++14";
				CLANG_CXX_LIBRARY = "libc++";
				CLANG_ENABLE_MODULES = YES;
				CLANG_ENABLE_OBJC_ARC = YES;
				CLANG_ENABLE_OBJC_WEAK = YES;
				CLANG_WARN_BLOCK_CAPTURE_AUTORELEASING = YES;
				CLANG_WARN_BOOL_CONVERSION = YES;
				CLANG_WARN_COMMA = YES;
				CLANG_WARN_CONSTANT_CONVERSION = YES;
				CLANG_WARN_DEPRECATED_OBJC_IMPLEMENTATIONS = YES;
				CLANG_WARN_DIRECT_OBJC_ISA_USAGE = YES_ERROR;
				CLANG_WARN_DOCUMENTATION_COMMENTS = YES;
				CLANG_WARN_EMPTY_BODY = YES;
				CLANG_WARN_ENUM_CONVERSION = YES;
				CLANG_WARN_INFINITE_RECURSION = YES;
				CLANG_WARN_INT_CONVERSION = YES;
				CLANG_WARN_NON_LITERAL_NULL_CONVERSION = YES;
				CLANG_WARN_OBJC_IMPLICIT_RETAIN_SELF = YES;
				CLANG_WARN_OBJC_LITERAL_CONVERSION = YES;
				CLANG_WARN_OBJC_ROOT_CLASS = YES_ERROR;
				CLANG_WARN_RANGE_LOOP_ANALYSIS = YES;
				CLANG_WARN_STRICT_PROTOTYPES = YES;
				CLANG_WARN_SUSPICIOUS_MOVE = YES;
				CLANG_WARN_UNGUARDED_AVAILABILITY = YES_AGGRESSIVE;
				CLANG_WARN_UNREACHABLE_CODE = YES;
				CLANG_WARN__DUPLICATE_METHOD_MATCH = YES;
				CODE_SIGN_IDENTITY = "iPhone Developer";
				COPY_PHASE_STRIP = NO;
				DEBUG_INFORMATION_FORMAT = dwarf;
				ENABLE_STRICT_OBJC_MSGSEND = YES;
				ENABLE_TESTABILITY = YES;
				GCC_C_LANGUAGE_STANDARD = gnu11;
				GCC_DYNAMIC_NO_PIC = NO;
				GCC_NO_COMMON_BLOCKS = YES;
				GCC_OPTIMIZATION_LEVEL = 0;
				GCC_PREPROCESSOR_DEFINITIONS = (
					"DEBUG=1",
					"$(inherited)",
				);
				GCC_WARN_64_TO_32_BIT_CONVERSION = YES;
				GCC_WARN_ABOUT_RETURN_TYPE = YES_ERROR;
				GCC_WARN_UNDECLARED_SELECTOR = YES;
				GCC_WARN_UNINITIALIZED_AUTOS = YES_AGGRESSIVE;
				GCC_WARN_UNUSED_FUNCTION = YES;
				GCC_WARN_UNUSED_VARIABLE = YES;
				IPHONEOS_DEPLOYMENT_TARGET = 12.1;
				MTL_ENABLE_DEBUG_INFO = INCLUDE_SOURCE;
				MTL_FAST_MATH = YES;
				ONLY_ACTIVE_ARCH = YES;
				SDKROOT = iphoneos;
				SWIFT_ACTIVE_COMPILATION_CONDITIONS = DEBUG;
				SWIFT_OPTIMIZATION_LEVEL = "-Onone";
			};
			name = Debug;
		};
		B5CA21A921A98638002988F1 /* Release */ = {
			isa = XCBuildConfiguration;
			buildSettings = {
				ALWAYS_SEARCH_USER_PATHS = NO;
				CLANG_ANALYZER_NONNULL = YES;
				CLANG_ANALYZER_NUMBER_OBJECT_CONVERSION = YES_AGGRESSIVE;
				CLANG_CXX_LANGUAGE_STANDARD = "gnu++14";
				CLANG_CXX_LIBRARY = "libc++";
				CLANG_ENABLE_MODULES = YES;
				CLANG_ENABLE_OBJC_ARC = YES;
				CLANG_ENABLE_OBJC_WEAK = YES;
				CLANG_WARN_BLOCK_CAPTURE_AUTORELEASING = YES;
				CLANG_WARN_BOOL_CONVERSION = YES;
				CLANG_WARN_COMMA = YES;
				CLANG_WARN_CONSTANT_CONVERSION = YES;
				CLANG_WARN_DEPRECATED_OBJC_IMPLEMENTATIONS = YES;
				CLANG_WARN_DIRECT_OBJC_ISA_USAGE = YES_ERROR;
				CLANG_WARN_DOCUMENTATION_COMMENTS = YES;
				CLANG_WARN_EMPTY_BODY = YES;
				CLANG_WARN_ENUM_CONVERSION = YES;
				CLANG_WARN_INFINITE_RECURSION = YES;
				CLANG_WARN_INT_CONVERSION = YES;
				CLANG_WARN_NON_LITERAL_NULL_CONVERSION = YES;
				CLANG_WARN_OBJC_IMPLICIT_RETAIN_SELF = YES;
				CLANG_WARN_OBJC_LITERAL_CONVERSION = YES;
				CLANG_WARN_OBJC_ROOT_CLASS = YES_ERROR;
				CLANG_WARN_RANGE_LOOP_ANALYSIS = YES;
				CLANG_WARN_STRICT_PROTOTYPES = YES;
				CLANG_WARN_SUSPICIOUS_MOVE = YES;
				CLANG_WARN_UNGUARDED_AVAILABILITY = YES_AGGRESSIVE;
				CLANG_WARN_UNREACHABLE_CODE = YES;
				CLANG_WARN__DUPLICATE_METHOD_MATCH = YES;
				CODE_SIGN_IDENTITY = "iPhone Developer";
				COPY_PHASE_STRIP = NO;
				DEBUG_INFORMATION_FORMAT = "dwarf-with-dsym";
				ENABLE_NS_ASSERTIONS = NO;
				ENABLE_STRICT_OBJC_MSGSEND = YES;
				GCC_C_LANGUAGE_STANDARD = gnu11;
				GCC_NO_COMMON_BLOCKS = YES;
				GCC_WARN_64_TO_32_BIT_CONVERSION = YES;
				GCC_WARN_ABOUT_RETURN_TYPE = YES_ERROR;
				GCC_WARN_UNDECLARED_SELECTOR = YES;
				GCC_WARN_UNINITIALIZED_AUTOS = YES_AGGRESSIVE;
				GCC_WARN_UNUSED_FUNCTION = YES;
				GCC_WARN_UNUSED_VARIABLE = YES;
				IPHONEOS_DEPLOYMENT_TARGET = 12.1;
				MTL_ENABLE_DEBUG_INFO = NO;
				MTL_FAST_MATH = YES;
				SDKROOT = iphoneos;
				SWIFT_COMPILATION_MODE = wholemodule;
				SWIFT_OPTIMIZATION_LEVEL = "-O";
				VALIDATE_PRODUCT = YES;
			};
			name = Release;
		};
		B5CA21AB21A98638002988F1 /* Debug */ = {
			isa = XCBuildConfiguration;
			buildSettings = {
				ASSETCATALOG_COMPILER_APPICON_NAME = AppIcon;
				CODE_SIGN_STYLE = Automatic;
				DEVELOPMENT_TEAM = Q33X652UWU;
				INFOPLIST_FILE = LiterallyGoals/Info.plist;
				IPHONEOS_DEPLOYMENT_TARGET = 11;
				LD_RUNPATH_SEARCH_PATHS = (
					"$(inherited)",
					"@executable_path/Frameworks",
				);
				PRODUCT_BUNDLE_IDENTIFIER = com.seansaoirse.LiterallyGoals;
				PRODUCT_NAME = "$(TARGET_NAME)";
				SWIFT_VERSION = 4.2;
				TARGETED_DEVICE_FAMILY = "1,2";
			};
			name = Debug;
		};
		B5CA21AC21A98638002988F1 /* Release */ = {
			isa = XCBuildConfiguration;
			buildSettings = {
				ASSETCATALOG_COMPILER_APPICON_NAME = AppIcon;
				CODE_SIGN_STYLE = Automatic;
				DEVELOPMENT_TEAM = Q33X652UWU;
				INFOPLIST_FILE = LiterallyGoals/Info.plist;
				IPHONEOS_DEPLOYMENT_TARGET = 11;
				LD_RUNPATH_SEARCH_PATHS = (
					"$(inherited)",
					"@executable_path/Frameworks",
				);
				PRODUCT_BUNDLE_IDENTIFIER = com.seansaoirse.LiterallyGoals;
				PRODUCT_NAME = "$(TARGET_NAME)";
				SWIFT_VERSION = 4.2;
				TARGETED_DEVICE_FAMILY = "1,2";
			};
			name = Release;
		};
/* End XCBuildConfiguration section */

/* Begin XCConfigurationList section */
		B5CA219021A98636002988F1 /* Build configuration list for PBXProject "LiterallyGoals" */ = {
			isa = XCConfigurationList;
			buildConfigurations = (
				B5CA21A821A98638002988F1 /* Debug */,
				B5CA21A921A98638002988F1 /* Release */,
			);
			defaultConfigurationIsVisible = 0;
			defaultConfigurationName = Release;
		};
		B5CA21AA21A98638002988F1 /* Build configuration list for PBXNativeTarget "LiterallyGoals" */ = {
			isa = XCConfigurationList;
			buildConfigurations = (
				B5CA21AB21A98638002988F1 /* Debug */,
				B5CA21AC21A98638002988F1 /* Release */,
			);
			defaultConfigurationIsVisible = 0;
			defaultConfigurationName = Release;
		};
/* End XCConfigurationList section */

/* Begin XCVersionGroup section */
		B5CA219F21A98636002988F1 /* LiterallyGoals.xcdatamodeld */ = {
			isa = XCVersionGroup;
			children = (
				B5CA21A021A98636002988F1 /* LiterallyGoals.xcdatamodel */,
			);
			currentVersion = B5CA21A021A98636002988F1 /* LiterallyGoals.xcdatamodel */;
			path = LiterallyGoals.xcdatamodeld;
			sourceTree = "<group>";
			versionGroupType = wrapper.xcdatamodel;
		};
/* End XCVersionGroup section */
	};
	rootObject = B5CA218D21A98636002988F1 /* Project object */;
}
